
Microsoft Visual Studio Solution File, Format Version 12.00
# Visual Studio 14
VisualStudioVersion = 14.0.25420.1
MinimumVisualStudioVersion = 10.0.40219.1
Project("{FAE04EC0-301F-11D3-BF4B-00C04F79EFBC}") = "TweetsStructure.Common", "TweetsStructure.Common\TweetsStructure.Common.csproj", "{772BC6B0-C085-4172-94D2-F633D8713716}"
EndProject
Project("{FAE04EC0-301F-11D3-BF4B-00C04F79EFBC}") = "TweetsStructure.Web", "TweetsStructure.Web\TweetsStructure.Web.csproj", "{9ABE39C5-ECB6-4170-859C-A31C02BA0182}"
EndProject
Global
	GlobalSection(SolutionConfigurationPlatforms) = preSolution
		Debug|Any CPU = Debug|Any CPU
		Debug-Net4.5.2|Any CPU = Debug-Net4.5.2|Any CPU
		Release|Any CPU = Release|Any CPU
		Release-Net4.5.2|Any CPU = Release-Net4.5.2|Any CPU
	EndGlobalSection
	GlobalSection(ProjectConfigurationPlatforms) = postSolution
		{772BC6B0-C085-4172-94D2-F633D8713716}.Debug|Any CPU.ActiveCfg = Debug|Any CPU
		{772BC6B0-C085-4172-94D2-F633D8713716}.Debug|Any CPU.Build.0 = Debug|Any CPU
		{772BC6B0-C085-4172-94D2-F633D8713716}.Debug-Net4.5.2|Any CPU.ActiveCfg = Debug-Net4.5.2|Any CPU
		{772BC6B0-C085-4172-94D2-F633D8713716}.Debug-Net4.5.2|Any CPU.Build.0 = Debug-Net4.5.2|Any CPU
		{772BC6B0-C085-4172-94D2-F633D8713716}.Release|Any CPU.ActiveCfg = Release|Any CPU
		{772BC6B0-C085-4172-94D2-F633D8713716}.Release|Any CPU.Build.0 = Release|Any CPU
		{772BC6B0-C085-4172-94D2-F633D8713716}.Release-Net4.5.2|Any CPU.ActiveCfg = Release-Net4.5.2|Any CPU
		{772BC6B0-C085-4172-94D2-F633D8713716}.Release-Net4.5.2|Any CPU.Build.0 = Release-Net4.5.2|Any CPU
		{9ABE39C5-ECB6-4170-859C-A31C02BA0182}.Debug|Any CPU.ActiveCfg = Debug|Any CPU
		{9ABE39C5-ECB6-4170-859C-A31C02BA0182}.Debug|Any CPU.Build.0 = Debug|Any CPU
		{9ABE39C5-ECB6-4170-859C-A31C02BA0182}.Debug-Net4.5.2|Any CPU.ActiveCfg = Debug-Net4.5.2|Any CPU
		{9ABE39C5-ECB6-4170-859C-A31C02BA0182}.Debug-Net4.5.2|Any CPU.Build.0 = Debug-Net4.5.2|Any CPU
		{9ABE39C5-ECB6-4170-859C-A31C02BA0182}.Release|Any CPU.ActiveCfg = Release|Any CPU
		{9ABE39C5-ECB6-4170-859C-A31C02BA0182}.Release|Any CPU.Build.0 = Release|Any CPU
		{9ABE39C5-ECB6-4170-859C-A31C02BA0182}.Release-Net4.5.2|Any CPU.ActiveCfg = Release-Net4.5.2|Any CPU
		{9ABE39C5-ECB6-4170-859C-A31C02BA0182}.Release-Net4.5.2|Any CPU.Build.0 = Release-Net4.5.2|Any CPU
	EndGlobalSection
	GlobalSection(SolutionProperties) = preSolution
		HideSolutionNode = FALSE
	EndGlobalSection
EndGlobal
